
Microsoft Visual Studio Solution File, Format Version 12.00
# Visual Studio Version 17
VisualStudioVersion = 17.13.35806.99 d17.13
MinimumVisualStudioVersion = 10.0.40219.1
Project("{FAE04EC0-301F-11D3-BF4B-00C04F79EFBC}") = "heartbeat", "heartbeat.csproj", "{56DD3313-F1F6-46BB-8ADA-6112ACE87C7C}"
EndProject
Global
	GlobalSection(SolutionConfigurationPlatforms) = preSolution
		Debug|Any CPU = Debug|Any CPU
		Release|Any CPU = Release|Any CPU
	EndGlobalSection
	GlobalSection(ProjectConfigurationPlatforms) = postSolution
		{56DD3313-F1F6-46BB-8ADA-6112ACE87C7C}.Debug|Any CPU.ActiveCfg = Debug|Any CPU
		{56DD3313-F1F6-46BB-8ADA-6112ACE87C7C}.Debug|Any CPU.Build.0 = Debug|Any CPU
		{56DD3313-F1F6-46BB-8ADA-6112ACE87C7C}.Release|Any CPU.ActiveCfg = Release|Any CPU
		{56DD3313-F1F6-46BB-8ADA-6112ACE87C7C}.Release|Any CPU.Build.0 = Release|Any CPU
	EndGlobalSection
	GlobalSection(SolutionProperties) = preSolution
		HideSolutionNode = FALSE
	EndGlobalSection
	GlobalSection(ExtensibilityGlobals) = postSolution
		SolutionGuid = {F7D38BDA-BE0D-4E92-B61C-58B933DFFC33}
	EndGlobalSection
EndGlobal
